
Microsoft Visual Studio Solution File, Format Version 12.00
# Visual Studio Version 16
VisualStudioVersion = 16.0.29411.108
MinimumVisualStudioVersion = 10.0.40219.1
Project("{FAE04EC0-301F-11D3-BF4B-00C04F79EFBC}") = "NieGadalismyOGrach", "NieGadalismyOGrach\NieGadalismyOGrach.csproj", "{4C7B3859-92F4-4CC5-9E68-FA2B78EF1461}"
EndProject
Project("{FAE04EC0-301F-11D3-BF4B-00C04F79EFBC}") = "FunctionLibrary", "FunctionLibrary\FunctionLibrary.csproj", "{F7D0C77F-829A-4F94-A166-3416DE51D41E}"
EndProject
Global
	GlobalSection(SolutionConfigurationPlatforms) = preSolution
		Debug|Any CPU = Debug|Any CPU
		Release|Any CPU = Release|Any CPU
	EndGlobalSection
	GlobalSection(ProjectConfigurationPlatforms) = postSolution
		{4C7B3859-92F4-4CC5-9E68-FA2B78EF1461}.Debug|Any CPU.ActiveCfg = Debug|Any CPU
		{4C7B3859-92F4-4CC5-9E68-FA2B78EF1461}.Debug|Any CPU.Build.0 = Debug|Any CPU
		{4C7B3859-92F4-4CC5-9E68-FA2B78EF1461}.Release|Any CPU.ActiveCfg = Release|Any CPU
		{4C7B3859-92F4-4CC5-9E68-FA2B78EF1461}.Release|Any CPU.Build.0 = Release|Any CPU
		{F7D0C77F-829A-4F94-A166-3416DE51D41E}.Debug|Any CPU.ActiveCfg = Debug|Any CPU
		{F7D0C77F-829A-4F94-A166-3416DE51D41E}.Debug|Any CPU.Build.0 = Debug|Any CPU
		{F7D0C77F-829A-4F94-A166-3416DE51D41E}.Release|Any CPU.ActiveCfg = Release|Any CPU
		{F7D0C77F-829A-4F94-A166-3416DE51D41E}.Release|Any CPU.Build.0 = Release|Any CPU
	EndGlobalSection
	GlobalSection(SolutionProperties) = preSolution
		HideSolutionNode = FALSE
	EndGlobalSection
	GlobalSection(ExtensibilityGlobals) = postSolution
		SolutionGuid = {A695AA38-689C-4BB2-82F1-62304292F7BD}
	EndGlobalSection
EndGlobal
